
Microsoft Visual Studio Solution File, Format Version 12.00
# Visual Studio Version 16
VisualStudioVersion = 16.0.30503.244
MinimumVisualStudioVersion = 10.0.40219.1
Project("{9A19103F-16F7-4668-BE54-9A1E7A4F7556}") = "Lolita", "Lolita\Lolita.csproj", "{038A1779-DFD0-447C-814B-BCC98791C030}"
EndProject
Global
	GlobalSection(SolutionConfigurationPlatforms) = preSolution
		Debug|Any CPU = Debug|Any CPU
		Release|Any CPU = Release|Any CPU
	EndGlobalSection
	GlobalSection(ProjectConfigurationPlatforms) = postSolution
		{038A1779-DFD0-447C-814B-BCC98791C030}.Debug|Any CPU.ActiveCfg = Debug|Any CPU
		{038A1779-DFD0-447C-814B-BCC98791C030}.Debug|Any CPU.Build.0 = Debug|Any CPU
		{038A1779-DFD0-447C-814B-BCC98791C030}.Release|Any CPU.ActiveCfg = Release|Any CPU
		{038A1779-DFD0-447C-814B-BCC98791C030}.Release|Any CPU.Build.0 = Release|Any CPU
	EndGlobalSection
	GlobalSection(SolutionProperties) = preSolution
		HideSolutionNode = FALSE
	EndGlobalSection
	GlobalSection(ExtensibilityGlobals) = postSolution
		SolutionGuid = {32462CD0-0F97-4366-8E86-B836F11D43F0}
	EndGlobalSection
EndGlobal
